
Microsoft Visual Studio Solution File, Format Version 12.00
# Visual Studio Version 17
VisualStudioVersion = 17.13.35931.197 d17.13
MinimumVisualStudioVersion = 10.0.40219.1
Project("{FAE04EC0-301F-11D3-BF4B-00C04F79EFBC}") = "Device Dynasty", "Device Dynasty\Device Dynasty.csproj", "{910C6512-15EE-4DE1-984F-7403C60E20F3}"
EndProject
Global
	GlobalSection(SolutionConfigurationPlatforms) = preSolution
		Debug|Any CPU = Debug|Any CPU
		Release|Any CPU = Release|Any CPU
	EndGlobalSection
	GlobalSection(ProjectConfigurationPlatforms) = postSolution
		{910C6512-15EE-4DE1-984F-7403C60E20F3}.Debug|Any CPU.ActiveCfg = Debug|Any CPU
		{910C6512-15EE-4DE1-984F-7403C60E20F3}.Debug|Any CPU.Build.0 = Debug|Any CPU
		{910C6512-15EE-4DE1-984F-7403C60E20F3}.Release|Any CPU.ActiveCfg = Release|Any CPU
		{910C6512-15EE-4DE1-984F-7403C60E20F3}.Release|Any CPU.Build.0 = Release|Any CPU
	EndGlobalSection
	GlobalSection(SolutionProperties) = preSolution
		HideSolutionNode = FALSE
	EndGlobalSection
	GlobalSection(ExtensibilityGlobals) = postSolution
		SolutionGuid = {9FA0FBF5-E608-4708-A8BC-464F8E29187B}
	EndGlobalSection
EndGlobal
